
Microsoft Visual Studio Solution File, Format Version 12.00
# Visual Studio Version 17
VisualStudioVersion = 17.0.31903.59
MinimumVisualStudioVersion = 10.0.40219.1
Project("{2150E333-8FDC-42A3-9474-1A3956D46DE8}") = "src", "src", "{827E0CD3-B72D-47B6-A68D-7590B98EB39B}"
EndProject
Project("{FAE04EC0-301F-11D3-BF4B-00C04F79EFBC}") = "BranchMatrix.Core", "src\BranchMatrix.Core\BranchMatrix.Core.csproj", "{5096254C-B027-4832-89F1-96DEED1FF1EF}"
EndProject
Project("{FAE04EC0-301F-11D3-BF4B-00C04F79EFBC}") = "BranchMatrix.App", "src\BranchMatrix.App\BranchMatrix.App.csproj", "{F6CA41FB-E484-458B-92F0-FC70F57ABFA9}"
EndProject
Project("{FAE04EC0-301F-11D3-BF4B-00C04F79EFBC}") = "BranchMatrix.Core.Tests", "tests\BranchMatrix.Core.Tests\BranchMatrix.Core.Tests.csproj", "{143E13D3-FDEE-4F9F-BF2A-1459F99F7725}"
EndProject
Global
	GlobalSection(SolutionConfigurationPlatforms) = preSolution
		Debug|Any CPU = Debug|Any CPU
		Debug|x64 = Debug|x64
		Debug|x86 = Debug|x86
		Release|Any CPU = Release|Any CPU
		Release|x64 = Release|x64
		Release|x86 = Release|x86
	EndGlobalSection
	GlobalSection(ProjectConfigurationPlatforms) = postSolution
		{5096254C-B027-4832-89F1-96DEED1FF1EF}.Debug|Any CPU.ActiveCfg = Debug|Any CPU
		{5096254C-B027-4832-89F1-96DEED1FF1EF}.Debug|Any CPU.Build.0 = Debug|Any CPU
		{5096254C-B027-4832-89F1-96DEED1FF1EF}.Debug|x64.ActiveCfg = Debug|Any CPU
		{5096254C-B027-4832-89F1-96DEED1FF1EF}.Debug|x64.Build.0 = Debug|Any CPU
		{5096254C-B027-4832-89F1-96DEED1FF1EF}.Debug|x86.ActiveCfg = Debug|Any CPU
		{5096254C-B027-4832-89F1-96DEED1FF1EF}.Debug|x86.Build.0 = Debug|Any CPU
		{5096254C-B027-4832-89F1-96DEED1FF1EF}.Release|Any CPU.ActiveCfg = Release|Any CPU
		{5096254C-B027-4832-89F1-96DEED1FF1EF}.Release|Any CPU.Build.0 = Release|Any CPU
		{5096254C-B027-4832-89F1-96DEED1FF1EF}.Release|x64.ActiveCfg = Release|Any CPU
		{5096254C-B027-4832-89F1-96DEED1FF1EF}.Release|x64.Build.0 = Release|Any CPU
		{5096254C-B027-4832-89F1-96DEED1FF1EF}.Release|x86.ActiveCfg = Release|Any CPU
		{5096254C-B027-4832-89F1-96DEED1FF1EF}.Release|x86.Build.0 = Release|Any CPU
		{F6CA41FB-E484-458B-92F0-FC70F57ABFA9}.Debug|Any CPU.ActiveCfg = Debug|Any CPU
		{F6CA41FB-E484-458B-92F0-FC70F57ABFA9}.Debug|Any CPU.Build.0 = Debug|Any CPU
		{F6CA41FB-E484-458B-92F0-FC70F57ABFA9}.Debug|x64.ActiveCfg = Debug|Any CPU
		{F6CA41FB-E484-458B-92F0-FC70F57ABFA9}.Debug|x64.Build.0 = Debug|Any CPU
		{F6CA41FB-E484-458B-92F0-FC70F57ABFA9}.Debug|x86.ActiveCfg = Debug|Any CPU
		{F6CA41FB-E484-458B-92F0-FC70F57ABFA9}.Debug|x86.Build.0 = Debug|Any CPU
		{F6CA41FB-E484-458B-92F0-FC70F57ABFA9}.Release|Any CPU.ActiveCfg = Release|Any CPU
		{F6CA41FB-E484-458B-92F0-FC70F57ABFA9}.Release|Any CPU.Build.0 = Release|Any CPU
		{F6CA41FB-E484-458B-92F0-FC70F57ABFA9}.Release|x64.ActiveCfg = Release|Any CPU
		{F6CA41FB-E484-458B-92F0-FC70F57ABFA9}.Release|x64.Build.0 = Release|Any CPU
		{F6CA41FB-E484-458B-92F0-FC70F57ABFA9}.Release|x86.ActiveCfg = Release|Any CPU
		{F6CA41FB-E484-458B-92F0-FC70F57ABFA9}.Release|x86.Build.0 = Release|Any CPU
		{143E13D3-FDEE-4F9F-BF2A-1459F99F7725}.Debug|Any CPU.ActiveCfg = Debug|Any CPU
		{143E13D3-FDEE-4F9F-BF2A-1459F99F7725}.Debug|Any CPU.Build.0 = Debug|Any CPU
		{143E13D3-FDEE-4F9F-BF2A-1459F99F7725}.Debug|x64.ActiveCfg = Debug|Any CPU
		{143E13D3-FDEE-4F9F-BF2A-1459F99F7725}.Debug|x64.Build.0 = Debug|Any CPU
		{143E13D3-FDEE-4F9F-BF2A-1459F99F7725}.Debug|x86.ActiveCfg = Debug|Any CPU
		{143E13D3-FDEE-4F9F-BF2A-1459F99F7725}.Debug|x86.Build.0 = Debug|Any CPU
		{143E13D3-FDEE-4F9F-BF2A-1459F99F7725}.Release|Any CPU.ActiveCfg = Release|Any CPU
		{143E13D3-FDEE-4F9F-BF2A-1459F99F7725}.Release|Any CPU.Build.0 = Release|Any CPU
		{143E13D3-FDEE-4F9F-BF2A-1459F99F7725}.Release|x64.ActiveCfg = Release|Any CPU
		{143E13D3-FDEE-4F9F-BF2A-1459F99F7725}.Release|x64.Build.0 = Release|Any CPU
		{143E13D3-FDEE-4F9F-BF2A-1459F99F7725}.Release|x86.ActiveCfg = Release|Any CPU
		{143E13D3-FDEE-4F9F-BF2A-1459F99F7725}.Release|x86.Build.0 = Release|Any CPU
	EndGlobalSection
	GlobalSection(SolutionProperties) = preSolution
		HideSolutionNode = FALSE
	EndGlobalSection
	GlobalSection(NestedProjects) = preSolution
		{5096254C-B027-4832-89F1-96DEED1FF1EF} = {827E0CD3-B72D-47B6-A68D-7590B98EB39B}
		{F6CA41FB-E484-458B-92F0-FC70F57ABFA9} = {827E0CD3-B72D-47B6-A68D-7590B98EB39B}
		{143E13D3-FDEE-4F9F-BF2A-1459F99F7725} = {827E0CD3-B72D-47B6-A68D-7590B98EB39B}
	EndGlobalSection
EndGlobal
